
Microsoft Visual Studio Solution File, Format Version 12.00
# Visual Studio Version 16
VisualStudioVersion = 16.0.31005.135
MinimumVisualStudioVersion = 10.0.40219.1
Project("{9A19103F-16F7-4668-BE54-9A1E7A4F7556}") = "MathLib", "MathLib\MathLib.csproj", "{1EE074DA-3D96-45C8-80F1-20020F44E626}"
EndProject
Project("{9A19103F-16F7-4668-BE54-9A1E7A4F7556}") = "MathLib.Tests", "MathLib.Tests\MathLib.Tests.csproj", "{8853EB3E-2657-4652-97C0-BB2D219A060A}"
EndProject
Project("{9A19103F-16F7-4668-BE54-9A1E7A4F7556}") = "Calculator", "Calculator\Calculator.csproj", "{C5A6E13E-87E1-4CBC-8552-DFD3F26CFE62}"
EndProject
Project("{FAE04EC0-301F-11D3-BF4B-00C04F79EFBC}") = "Profiling", "Profiling\Profiling.csproj", "{11B4452E-2D24-4D09-A5BB-2ABD3993E6B7}"
EndProject
Global
	GlobalSection(SolutionConfigurationPlatforms) = preSolution
		Debug|Any CPU = Debug|Any CPU
		Release|Any CPU = Release|Any CPU
	EndGlobalSection
	GlobalSection(ProjectConfigurationPlatforms) = postSolution
		{1EE074DA-3D96-45C8-80F1-20020F44E626}.Debug|Any CPU.ActiveCfg = Debug|Any CPU
		{1EE074DA-3D96-45C8-80F1-20020F44E626}.Debug|Any CPU.Build.0 = Debug|Any CPU
		{1EE074DA-3D96-45C8-80F1-20020F44E626}.Release|Any CPU.ActiveCfg = Release|Any CPU
		{1EE074DA-3D96-45C8-80F1-20020F44E626}.Release|Any CPU.Build.0 = Release|Any CPU
		{8853EB3E-2657-4652-97C0-BB2D219A060A}.Debug|Any CPU.ActiveCfg = Debug|Any CPU
		{8853EB3E-2657-4652-97C0-BB2D219A060A}.Debug|Any CPU.Build.0 = Debug|Any CPU
		{8853EB3E-2657-4652-97C0-BB2D219A060A}.Release|Any CPU.ActiveCfg = Release|Any CPU
		{8853EB3E-2657-4652-97C0-BB2D219A060A}.Release|Any CPU.Build.0 = Release|Any CPU
		{C5A6E13E-87E1-4CBC-8552-DFD3F26CFE62}.Debug|Any CPU.ActiveCfg = Debug|Any CPU
		{C5A6E13E-87E1-4CBC-8552-DFD3F26CFE62}.Debug|Any CPU.Build.0 = Debug|Any CPU
		{C5A6E13E-87E1-4CBC-8552-DFD3F26CFE62}.Release|Any CPU.ActiveCfg = Release|Any CPU
		{C5A6E13E-87E1-4CBC-8552-DFD3F26CFE62}.Release|Any CPU.Build.0 = Release|Any CPU
		{11B4452E-2D24-4D09-A5BB-2ABD3993E6B7}.Debug|Any CPU.ActiveCfg = Debug|Any CPU
		{11B4452E-2D24-4D09-A5BB-2ABD3993E6B7}.Debug|Any CPU.Build.0 = Debug|Any CPU
		{11B4452E-2D24-4D09-A5BB-2ABD3993E6B7}.Release|Any CPU.ActiveCfg = Release|Any CPU
		{11B4452E-2D24-4D09-A5BB-2ABD3993E6B7}.Release|Any CPU.Build.0 = Release|Any CPU
	EndGlobalSection
	GlobalSection(SolutionProperties) = preSolution
		HideSolutionNode = FALSE
	EndGlobalSection
	GlobalSection(ExtensibilityGlobals) = postSolution
		SolutionGuid = {BEB3BBB1-2807-4F33-9E7E-67561FB02CF1}
	EndGlobalSection
EndGlobal
